
Microsoft Visual Studio Solution File, Format Version 12.00
# Visual Studio 15
VisualStudioVersion = 15.0.28307.645
MinimumVisualStudioVersion = 10.0.40219.1
Project("{FAE04EC0-301F-11D3-BF4B-00C04F79EFBC}") = "DemoWebApp", "DemoWebApp\DemoWebApp.csproj", "{338DA474-BA37-453B-971D-6A375F5DAACE}"
EndProject
Global
	GlobalSection(SolutionConfigurationPlatforms) = preSolution
		Debug|Any CPU = Debug|Any CPU
		Release|Any CPU = Release|Any CPU
	EndGlobalSection
	GlobalSection(ProjectConfigurationPlatforms) = postSolution
		{338DA474-BA37-453B-971D-6A375F5DAACE}.Debug|Any CPU.ActiveCfg = Debug|Any CPU
		{338DA474-BA37-453B-971D-6A375F5DAACE}.Debug|Any CPU.Build.0 = Debug|Any CPU
		{338DA474-BA37-453B-971D-6A375F5DAACE}.Release|Any CPU.ActiveCfg = Release|Any CPU
		{338DA474-BA37-453B-971D-6A375F5DAACE}.Release|Any CPU.Build.0 = Release|Any CPU
	EndGlobalSection
	GlobalSection(SolutionProperties) = preSolution
		HideSolutionNode = FALSE
	EndGlobalSection
	GlobalSection(ExtensibilityGlobals) = postSolution
		SolutionGuid = {6721E65B-1A59-4806-B88D-8F6FC35A6382}
	EndGlobalSection
EndGlobal
